
Microsoft Visual Studio Solution File, Format Version 12.00
# Visual Studio 2015
Project("{FAE04EC0-301F-11D3-BF4B-00C04F79EFBC}") = "IVRC.CSharp.Plugins", "IVRC.CSharp.Plugins.csproj", "{A48C875C-1E9F-A84E-DDD3-3736206A81F5}"
EndProject
Project("{FAE04EC0-301F-11D3-BF4B-00C04F79EFBC}") = "IVRC.CSharp", "IVRC.CSharp.csproj", "{00E0E432-6DED-E377-2ED0-C354CE5FE002}"
EndProject
Project("{FAE04EC0-301F-11D3-BF4B-00C04F79EFBC}") = "IVRC.CSharp.Editor", "IVRC.CSharp.Editor.csproj", "{B3E98E34-DDA8-3F51-308B-CBA66723A7E1}"
EndProject
Global
	GlobalSection(SolutionConfigurationPlatforms) = preSolution
		Debug|Any CPU = Debug|Any CPU
		Release|Any CPU = Release|Any CPU
	EndGlobalSection
	GlobalSection(ProjectConfigurationPlatforms) = postSolution
		{A48C875C-1E9F-A84E-DDD3-3736206A81F5}.Debug|Any CPU.ActiveCfg = Debug|Any CPU
		{A48C875C-1E9F-A84E-DDD3-3736206A81F5}.Debug|Any CPU.Build.0 = Debug|Any CPU
		{A48C875C-1E9F-A84E-DDD3-3736206A81F5}.Release|Any CPU.ActiveCfg = Release|Any CPU
		{A48C875C-1E9F-A84E-DDD3-3736206A81F5}.Release|Any CPU.Build.0 = Release|Any CPU
		{00E0E432-6DED-E377-2ED0-C354CE5FE002}.Debug|Any CPU.ActiveCfg = Debug|Any CPU
		{00E0E432-6DED-E377-2ED0-C354CE5FE002}.Debug|Any CPU.Build.0 = Debug|Any CPU
		{00E0E432-6DED-E377-2ED0-C354CE5FE002}.Release|Any CPU.ActiveCfg = Release|Any CPU
		{00E0E432-6DED-E377-2ED0-C354CE5FE002}.Release|Any CPU.Build.0 = Release|Any CPU
		{B3E98E34-DDA8-3F51-308B-CBA66723A7E1}.Debug|Any CPU.ActiveCfg = Debug|Any CPU
		{B3E98E34-DDA8-3F51-308B-CBA66723A7E1}.Debug|Any CPU.Build.0 = Debug|Any CPU
		{B3E98E34-DDA8-3F51-308B-CBA66723A7E1}.Release|Any CPU.ActiveCfg = Release|Any CPU
		{B3E98E34-DDA8-3F51-308B-CBA66723A7E1}.Release|Any CPU.Build.0 = Release|Any CPU
	EndGlobalSection
	GlobalSection(SolutionProperties) = preSolution
		HideSolutionNode = FALSE
	EndGlobalSection
EndGlobal
